
Microsoft Visual Studio Solution File, Format Version 12.00
# Visual Studio 15
VisualStudioVersion = 15.0.28307.271
MinimumVisualStudioVersion = 10.0.40219.1
Project("{FAE04EC0-301F-11D3-BF4B-00C04F79EFBC}") = "SortAlgorithms", "SortAlgorithms\SortAlgorithms.csproj", "{78571FDE-4AA4-42FD-8612-3C829B3DCA3A}"
EndProject
Project("{FAE04EC0-301F-11D3-BF4B-00C04F79EFBC}") = "Algorithm", "Algorithm\Algorithm.csproj", "{2F526ED8-C9AD-450A-A6B7-E624BF14D79F}"
EndProject
Project("{FAE04EC0-301F-11D3-BF4B-00C04F79EFBC}") = "AlgorithmTests", "AlgorithmTests\AlgorithmTests.csproj", "{5BE12772-D4A2-45A0-9733-FC785DC5706F}"
EndProject
Global
	GlobalSection(SolutionConfigurationPlatforms) = preSolution
		Debug|Any CPU = Debug|Any CPU
		Release|Any CPU = Release|Any CPU
	EndGlobalSection
	GlobalSection(ProjectConfigurationPlatforms) = postSolution
		{78571FDE-4AA4-42FD-8612-3C829B3DCA3A}.Debug|Any CPU.ActiveCfg = Debug|Any CPU
		{78571FDE-4AA4-42FD-8612-3C829B3DCA3A}.Debug|Any CPU.Build.0 = Debug|Any CPU
		{78571FDE-4AA4-42FD-8612-3C829B3DCA3A}.Release|Any CPU.ActiveCfg = Release|Any CPU
		{78571FDE-4AA4-42FD-8612-3C829B3DCA3A}.Release|Any CPU.Build.0 = Release|Any CPU
		{2F526ED8-C9AD-450A-A6B7-E624BF14D79F}.Debug|Any CPU.ActiveCfg = Debug|Any CPU
		{2F526ED8-C9AD-450A-A6B7-E624BF14D79F}.Debug|Any CPU.Build.0 = Debug|Any CPU
		{2F526ED8-C9AD-450A-A6B7-E624BF14D79F}.Release|Any CPU.ActiveCfg = Release|Any CPU
		{2F526ED8-C9AD-450A-A6B7-E624BF14D79F}.Release|Any CPU.Build.0 = Release|Any CPU
		{5BE12772-D4A2-45A0-9733-FC785DC5706F}.Debug|Any CPU.ActiveCfg = Debug|Any CPU
		{5BE12772-D4A2-45A0-9733-FC785DC5706F}.Debug|Any CPU.Build.0 = Debug|Any CPU
		{5BE12772-D4A2-45A0-9733-FC785DC5706F}.Release|Any CPU.ActiveCfg = Release|Any CPU
		{5BE12772-D4A2-45A0-9733-FC785DC5706F}.Release|Any CPU.Build.0 = Release|Any CPU
	EndGlobalSection
	GlobalSection(SolutionProperties) = preSolution
		HideSolutionNode = FALSE
	EndGlobalSection
	GlobalSection(ExtensibilityGlobals) = postSolution
		SolutionGuid = {27507FAA-8C92-468E-9783-42A086B85C1E}
	EndGlobalSection
EndGlobal
